
Microsoft Visual Studio Solution File, Format Version 12.00
# Visual Studio Version 16
VisualStudioVersion = 16.0.30907.101
MinimumVisualStudioVersion = 10.0.40219.1
Project("{FAE04EC0-301F-11D3-BF4B-00C04F79EFBC}") = "GenericsIntro", "GenericsIntro\GenericsIntro.csproj", "{0B678789-7A3C-4BEF-8688-1E233ECEC3D2}"
EndProject
Global
	GlobalSection(SolutionConfigurationPlatforms) = preSolution
		Debug|Any CPU = Debug|Any CPU
		Release|Any CPU = Release|Any CPU
	EndGlobalSection
	GlobalSection(ProjectConfigurationPlatforms) = postSolution
		{0B678789-7A3C-4BEF-8688-1E233ECEC3D2}.Debug|Any CPU.ActiveCfg = Debug|Any CPU
		{0B678789-7A3C-4BEF-8688-1E233ECEC3D2}.Debug|Any CPU.Build.0 = Debug|Any CPU
		{0B678789-7A3C-4BEF-8688-1E233ECEC3D2}.Release|Any CPU.ActiveCfg = Release|Any CPU
		{0B678789-7A3C-4BEF-8688-1E233ECEC3D2}.Release|Any CPU.Build.0 = Release|Any CPU
	EndGlobalSection
	GlobalSection(SolutionProperties) = preSolution
		HideSolutionNode = FALSE
	EndGlobalSection
	GlobalSection(ExtensibilityGlobals) = postSolution
		SolutionGuid = {88985417-F9C0-4D27-B52D-28F35323D653}
	EndGlobalSection
EndGlobal
